
Microsoft Visual Studio Solution File, Format Version 12.00
# Visual Studio Version 16
VisualStudioVersion = 16.0.29905.134
MinimumVisualStudioVersion = 10.0.40219.1
Project("{888888A0-9F3D-457C-B088-3A5042F75D52}") = "PythonNLTK", "PythonNLTK\PythonNLTK.pyproj", "{EBDA568D-8D56-4ACB-9CDD-C5DEC59EF425}"
EndProject
Global
	GlobalSection(SolutionConfigurationPlatforms) = preSolution
		Debug|Any CPU = Debug|Any CPU
		Release|Any CPU = Release|Any CPU
	EndGlobalSection
	GlobalSection(ProjectConfigurationPlatforms) = postSolution
		{EBDA568D-8D56-4ACB-9CDD-C5DEC59EF425}.Debug|Any CPU.ActiveCfg = Debug|Any CPU
		{EBDA568D-8D56-4ACB-9CDD-C5DEC59EF425}.Release|Any CPU.ActiveCfg = Release|Any CPU
	EndGlobalSection
	GlobalSection(SolutionProperties) = preSolution
		HideSolutionNode = FALSE
	EndGlobalSection
	GlobalSection(ExtensibilityGlobals) = postSolution
		SolutionGuid = {3E4435D1-2B58-45F8-9DA6-B69C2B256985}
	EndGlobalSection
EndGlobal
