
Microsoft Visual Studio Solution File, Format Version 12.00
# Visual Studio Version 16
VisualStudioVersion = 16.0.29905.134
MinimumVisualStudioVersion = 10.0.40219.1
Project("{888888A0-9F3D-457C-B088-3A5042F75D52}") = "PythonSpaCy", "PythonSpaCy\PythonSpaCy.pyproj", "{FEE79243-A467-4C0F-B24B-756671B2A31B}"
EndProject
Global
	GlobalSection(SolutionConfigurationPlatforms) = preSolution
		Debug|Any CPU = Debug|Any CPU
		Release|Any CPU = Release|Any CPU
	EndGlobalSection
	GlobalSection(ProjectConfigurationPlatforms) = postSolution
		{FEE79243-A467-4C0F-B24B-756671B2A31B}.Debug|Any CPU.ActiveCfg = Debug|Any CPU
		{FEE79243-A467-4C0F-B24B-756671B2A31B}.Release|Any CPU.ActiveCfg = Release|Any CPU
	EndGlobalSection
	GlobalSection(SolutionProperties) = preSolution
		HideSolutionNode = FALSE
	EndGlobalSection
	GlobalSection(ExtensibilityGlobals) = postSolution
		SolutionGuid = {F9BDDB0F-3EC4-4527-99F9-46F862EE62D0}
	EndGlobalSection
EndGlobal
