
Microsoft Visual Studio Solution File, Format Version 12.00
# Visual Studio Version 16
VisualStudioVersion = 16.0.29920.165
MinimumVisualStudioVersion = 10.0.40219.1
Project("{888888A0-9F3D-457C-B088-3A5042F75D52}") = "PythonTensorflow", "PythonTensorflow\PythonTensorflow.pyproj", "{D5BB6C6C-64A6-4224-AD11-D693FF708A76}"
EndProject
Global
	GlobalSection(SolutionConfigurationPlatforms) = preSolution
		Debug|Any CPU = Debug|Any CPU
		Release|Any CPU = Release|Any CPU
	EndGlobalSection
	GlobalSection(ProjectConfigurationPlatforms) = postSolution
		{D5BB6C6C-64A6-4224-AD11-D693FF708A76}.Debug|Any CPU.ActiveCfg = Debug|Any CPU
		{D5BB6C6C-64A6-4224-AD11-D693FF708A76}.Release|Any CPU.ActiveCfg = Release|Any CPU
	EndGlobalSection
	GlobalSection(SolutionProperties) = preSolution
		HideSolutionNode = FALSE
	EndGlobalSection
	GlobalSection(ExtensibilityGlobals) = postSolution
		SolutionGuid = {C24D11F9-CB07-4420-B49C-934D30791C6B}
	EndGlobalSection
EndGlobal
